
Microsoft Visual Studio Solution File, Format Version 12.00
# Visual Studio Version 16
VisualStudioVersion = 16.0.29806.167
MinimumVisualStudioVersion = 10.0.40219.1
Project("{FAE04EC0-301F-11D3-BF4B-00C04F79EFBC}") = "GruntTest", "GruntTest\GruntTest.csproj", "{AB85D51F-7462-4245-B2B1-02969C60BB6F}"
EndProject
Global
	GlobalSection(SolutionConfigurationPlatforms) = preSolution
		Debug|Any CPU = Debug|Any CPU
		Release|Any CPU = Release|Any CPU
	EndGlobalSection
	GlobalSection(ProjectConfigurationPlatforms) = postSolution
		{AB85D51F-7462-4245-B2B1-02969C60BB6F}.Debug|Any CPU.ActiveCfg = Debug|Any CPU
		{AB85D51F-7462-4245-B2B1-02969C60BB6F}.Debug|Any CPU.Build.0 = Debug|Any CPU
		{AB85D51F-7462-4245-B2B1-02969C60BB6F}.Release|Any CPU.ActiveCfg = Release|Any CPU
		{AB85D51F-7462-4245-B2B1-02969C60BB6F}.Release|Any CPU.Build.0 = Release|Any CPU
	EndGlobalSection
	GlobalSection(SolutionProperties) = preSolution
		HideSolutionNode = FALSE
	EndGlobalSection
	GlobalSection(ExtensibilityGlobals) = postSolution
		SolutionGuid = {B8BE6668-B054-4044-9705-A8E93435DD67}
	EndGlobalSection
EndGlobal
